
Microsoft Visual Studio Solution File, Format Version 12.00
# Visual Studio Version 16
VisualStudioVersion = 16.0.29709.97
MinimumVisualStudioVersion = 10.0.40219.1
Project("{FAE04EC0-301F-11D3-BF4B-00C04F79EFBC}") = "Demo", "Demo.csproj", "{F6346A16-6045-4EEA-88C2-9A0F97227525}"
EndProject
Global
	GlobalSection(SolutionConfigurationPlatforms) = preSolution
		Debug|Any CPU = Debug|Any CPU
		Release|Any CPU = Release|Any CPU
	EndGlobalSection
	GlobalSection(ProjectConfigurationPlatforms) = postSolution
		{F6346A16-6045-4EEA-88C2-9A0F97227525}.Debug|Any CPU.ActiveCfg = Debug|Any CPU
		{F6346A16-6045-4EEA-88C2-9A0F97227525}.Debug|Any CPU.Build.0 = Debug|Any CPU
		{F6346A16-6045-4EEA-88C2-9A0F97227525}.Release|Any CPU.ActiveCfg = Release|Any CPU
		{F6346A16-6045-4EEA-88C2-9A0F97227525}.Release|Any CPU.Build.0 = Release|Any CPU
	EndGlobalSection
	GlobalSection(SolutionProperties) = preSolution
		HideSolutionNode = FALSE
	EndGlobalSection
	GlobalSection(ExtensibilityGlobals) = postSolution
		SolutionGuid = {4A81BE78-AFC9-4027-9E76-E3672D608531}
	EndGlobalSection
EndGlobal
